
Microsoft Visual Studio Solution File, Format Version 12.00
# Visual Studio Version 17
VisualStudioVersion = 17.0.31903.59
MinimumVisualStudioVersion = 10.0.40219.1
Project("{FAE04EC0-301F-11D3-BF4B-00C04F79EFBC}") = "SingularExpress.Api", "SingularExpress.Api\SingularExpress.Api.csproj", "{67B59B00-1B87-4931-9F65-459E182B839B}"
EndProject
Project("{FAE04EC0-301F-11D3-BF4B-00C04F79EFBC}") = "SingularExpress.Models.Tests", "SingularExpress.Models.Tests\SingularExpress.Models.Tests.csproj", "{5AB127CA-6A78-45EA-AF28-3550EE98FDD8}"
EndProject
Project("{FAE04EC0-301F-11D3-BF4B-00C04F79EFBC}") = "SingularExpress.App", "SingularExpress.App\SingularExpress.App.csproj", "{32C0DBE6-B654-4B41-98B6-4AEA25D92B06}"
EndProject
Project("{FAE04EC0-301F-11D3-BF4B-00C04F79EFBC}") = "SingularExpress.Models", "SingularExpress.Models\SingularExpress.Models.csproj", "{B748EBC7-A7E7-4BEC-A00D-ACD9485A15BD}"
EndProject
Global
	GlobalSection(SolutionConfigurationPlatforms) = preSolution
		Debug|Any CPU = Debug|Any CPU
		Release|Any CPU = Release|Any CPU
	EndGlobalSection
	GlobalSection(ProjectConfigurationPlatforms) = postSolution
		{67B59B00-1B87-4931-9F65-459E182B839B}.Debug|Any CPU.ActiveCfg = Debug|Any CPU
		{67B59B00-1B87-4931-9F65-459E182B839B}.Debug|Any CPU.Build.0 = Debug|Any CPU
		{67B59B00-1B87-4931-9F65-459E182B839B}.Release|Any CPU.ActiveCfg = Release|Any CPU
		{67B59B00-1B87-4931-9F65-459E182B839B}.Release|Any CPU.Build.0 = Release|Any CPU
		{5AB127CA-6A78-45EA-AF28-3550EE98FDD8}.Debug|Any CPU.ActiveCfg = Debug|Any CPU
		{5AB127CA-6A78-45EA-AF28-3550EE98FDD8}.Debug|Any CPU.Build.0 = Debug|Any CPU
		{5AB127CA-6A78-45EA-AF28-3550EE98FDD8}.Release|Any CPU.ActiveCfg = Release|Any CPU
		{5AB127CA-6A78-45EA-AF28-3550EE98FDD8}.Release|Any CPU.Build.0 = Release|Any CPU
		{32C0DBE6-B654-4B41-98B6-4AEA25D92B06}.Debug|Any CPU.ActiveCfg = Debug|Any CPU
		{32C0DBE6-B654-4B41-98B6-4AEA25D92B06}.Debug|Any CPU.Build.0 = Debug|Any CPU
		{32C0DBE6-B654-4B41-98B6-4AEA25D92B06}.Release|Any CPU.ActiveCfg = Release|Any CPU
		{32C0DBE6-B654-4B41-98B6-4AEA25D92B06}.Release|Any CPU.Build.0 = Release|Any CPU
		{B748EBC7-A7E7-4BEC-A00D-ACD9485A15BD}.Debug|Any CPU.ActiveCfg = Debug|Any CPU
		{B748EBC7-A7E7-4BEC-A00D-ACD9485A15BD}.Debug|Any CPU.Build.0 = Debug|Any CPU
		{B748EBC7-A7E7-4BEC-A00D-ACD9485A15BD}.Release|Any CPU.ActiveCfg = Release|Any CPU
		{B748EBC7-A7E7-4BEC-A00D-ACD9485A15BD}.Release|Any CPU.Build.0 = Release|Any CPU
	EndGlobalSection
	GlobalSection(SolutionProperties) = preSolution
		HideSolutionNode = FALSE
	EndGlobalSection
	GlobalSection(ExtensibilityGlobals) = postSolution
		SolutionGuid = {DBA04779-B535-4B9C-AC95-07B4AF2B6250}
	EndGlobalSection
EndGlobal
